
Microsoft Visual Studio Solution File, Format Version 12.00
# Visual Studio Version 17
VisualStudioVersion = 17.5.33402.96
MinimumVisualStudioVersion = 10.0.40219.1
Project("{FAE04EC0-301F-11D3-BF4B-00C04F79EFBC}") = "TestSystem_3M", "TestSystem_3M\TestSystem_3M.csproj", "{D9A9A3FC-F95C-46FC-912B-4A9CC6C42837}"
EndProject
Global
	GlobalSection(SolutionConfigurationPlatforms) = preSolution
		Debug|Any CPU = Debug|Any CPU
		Release|Any CPU = Release|Any CPU
	EndGlobalSection
	GlobalSection(ProjectConfigurationPlatforms) = postSolution
		{D9A9A3FC-F95C-46FC-912B-4A9CC6C42837}.Debug|Any CPU.ActiveCfg = Debug|Any CPU
		{D9A9A3FC-F95C-46FC-912B-4A9CC6C42837}.Debug|Any CPU.Build.0 = Debug|Any CPU
		{D9A9A3FC-F95C-46FC-912B-4A9CC6C42837}.Release|Any CPU.ActiveCfg = Release|Any CPU
		{D9A9A3FC-F95C-46FC-912B-4A9CC6C42837}.Release|Any CPU.Build.0 = Release|Any CPU
	EndGlobalSection
	GlobalSection(SolutionProperties) = preSolution
		HideSolutionNode = FALSE
	EndGlobalSection
	GlobalSection(ExtensibilityGlobals) = postSolution
		SolutionGuid = {0A75FD72-6F73-4453-8CC9-EC119433B378}
	EndGlobalSection
EndGlobal
